{
  "meteor": {
    "git": "https://github.com/meteor/meteor",
    "tag": "release/blaze-rc1",
    "commit": "1d3a840372a1d1db6e212d38621288b6cc42a1c7"
  },
  "dependencies": {
    "basePackages": {
      "npm": {},
      "jade": {},
      "iron-router": {
        "git": "https://github.com/EventedMind/iron-router",
        "branch": "blaze-integration"
      }
    },
    "packages": {
      "npm": {
        "git": "https://github.com/arunoda/meteor-npm.git",
        "tag": "v0.2.6",
        "commit": "177ab6118de5bf8cffb19481343d5762ff7a2aaf"
      },
      "jade": {
        "git": "https://github.com/mquandalle/meteor-jade.git",
        "tag": "v0.1.5",
        "commit": "bbb23ff955d94066b74c4aa9ea760418483b3ddf"
      },
      "iron-router": {
        "git": "https://github.com/EventedMind/iron-router",
        "branch": "blaze-integration",
        "commit": "947991731df164e56b53cfdae8ef23802d989142"
      },
      "blaze-layout": {
        "git": "https://github.com/EventedMind/blaze-layout.git",
        "branch": "master",
        "commit": "2664f817844fba0fab0455a79bc62782c9091ad0"
      }
    }
  }
}
